{
  "nodes": {
    "home-manager": {
      "inputs": {
        "nixpkgs": [
          "nixpkgs"
        ]
      },
      "locked": {
        "lastModified": 1750792199,
        "narHash": "sha256-AztT8H1V3cIgV3USZXnGWzKAQv6Hle3YhuaOFAV83mo=",
        "owner": "nix-community",
        "repo": "home-manager",
        "rev": "d400c361660526a199e1e56cc22f073c09c71d35",
        "type": "github"
      },
      "original": {
        "owner": "nix-community",
        "repo": "home-manager",
        "type": "github"
      }
    },
    "nixpkgs": {
      "locked": {
        "lastModified": 1750506804,
        "narHash": "sha256-VLFNc4egNjovYVxDGyBYTrvVCgDYgENp5bVi9fPTDYc=",
        "owner": "nixos",
        "repo": "nixpkgs",
        "rev": "4206c4cb56751df534751b058295ea61357bbbaa",
        "type": "github"
      },
      "original": {
        "owner": "nixos",
        "ref": "nixos-unstable",
        "repo": "nixpkgs",
        "type": "github"
      }
    },
    "nixpkgs-master": {
      "locked": {
        "lastModified": 1750792705,
        "narHash": "sha256-iwCtp48vXUu4yqGrEQGLOSlzRPPjFnSG1RLUU/fXmvE=",
        "owner": "nixos",
        "repo": "nixpkgs",
        "rev": "5ab479ef01473c7b702a483d6220dd2063b0b1e4",
        "type": "github"
      },
      "original": {
        "owner": "nixos",
        "ref": "master",
        "repo": "nixpkgs",
        "type": "github"
      }
    },
    "root": {
      "inputs": {
        "home-manager": "home-manager",
        "nixpkgs": "nixpkgs",
        "nixpkgs-master": "nixpkgs-master"
      }
    }
  },
  "root": "root",
  "version": 7
}
